
Microsoft Visual Studio Solution File, Format Version 12.00
# Visual Studio Version 17
VisualStudioVersion = 17.4.33205.214
MinimumVisualStudioVersion = 10.0.40219.1
Project("{9A19103F-16F7-4668-BE54-9A1E7A4F7556}") = "CueGenerator", "CueGenerator\CueGenerator.csproj", "{3EFA644C-B0A2-4B10-82CB-7C46DBC9E69E}"
EndProject
Global
	GlobalSection(SolutionConfigurationPlatforms) = preSolution
		Debug|Any CPU = Debug|Any CPU
		Release|Any CPU = Release|Any CPU
		test|Any CPU = test|Any CPU
	EndGlobalSection
	GlobalSection(ProjectConfigurationPlatforms) = postSolution
		{3EFA644C-B0A2-4B10-82CB-7C46DBC9E69E}.Debug|Any CPU.ActiveCfg = Debug|Any CPU
		{3EFA644C-B0A2-4B10-82CB-7C46DBC9E69E}.Debug|Any CPU.Build.0 = Debug|Any CPU
		{3EFA644C-B0A2-4B10-82CB-7C46DBC9E69E}.Release|Any CPU.ActiveCfg = Release|Any CPU
		{3EFA644C-B0A2-4B10-82CB-7C46DBC9E69E}.Release|Any CPU.Build.0 = Release|Any CPU
		{3EFA644C-B0A2-4B10-82CB-7C46DBC9E69E}.test|Any CPU.ActiveCfg = Debug|Any CPU
		{3EFA644C-B0A2-4B10-82CB-7C46DBC9E69E}.test|Any CPU.Build.0 = Debug|Any CPU
	EndGlobalSection
	GlobalSection(SolutionProperties) = preSolution
		HideSolutionNode = FALSE
	EndGlobalSection
	GlobalSection(ExtensibilityGlobals) = postSolution
		SolutionGuid = {9E3ED43B-7F37-47AD-AC4E-DE04B182DA46}
	EndGlobalSection
EndGlobal
